
Microsoft Visual Studio Solution File, Format Version 12.00
# Visual Studio Version 17
VisualStudioVersion = 17.0.31903.59
MinimumVisualStudioVersion = 10.0.40219.1
Project("{2150E333-8FDC-42A3-9474-1A3956D46DE8}") = "Libs", "Libs", "{55AD87B9-AB4E-47CC-9A91-264037C3048F}"
EndProject
Project("{9A19103F-16F7-4668-BE54-9A1E7A4F7556}") = "Maths", "Libs\Maths\Maths.csproj", "{BF0C6055-19CE-4B34-BE9C-E8D75B77493A}"
EndProject
Project("{2150E333-8FDC-42A3-9474-1A3956D46DE8}") = "Tests", "Tests", "{0A1A23A4-D3ED-4BB1-9E0B-CAECCBE65537}"
EndProject
Project("{9A19103F-16F7-4668-BE54-9A1E7A4F7556}") = "MathsTests", "Tests\MathsTests\MathsTests.csproj", "{1F3A352F-947A-41A0-90CA-A819361E377B}"
EndProject
Project("{2150E333-8FDC-42A3-9474-1A3956D46DE8}") = "DataStructures", "DataStructures", "{38B750BB-3394-40E1-B10A-AF5508B56597}"
EndProject
Project("{FAE04EC0-301F-11D3-BF4B-00C04F79EFBC}") = "Array", "DataStructures\Array\Array.csproj", "{27590B65-CF86-4FC2-9D84-D93CAC9B09A4}"
EndProject
Project("{FAE04EC0-301F-11D3-BF4B-00C04F79EFBC}") = "ArrayTest", "Tests\ArrayTest\ArrayTest.csproj", "{46D27094-FBD0-4282-97E3-AA210B994D10}"
EndProject
Project("{2150E333-8FDC-42A3-9474-1A3956D46DE8}") = "Applications", "Applications", "{818EC0EF-F738-4ABD-A770-6DEF5400C251}"
EndProject
Project("{FAE04EC0-301F-11D3-BF4B-00C04F79EFBC}") = "Web", "Applications\Web\Web.csproj", "{DA3CECC5-F01A-45B2-9AC6-98BDB3AA5243}"
EndProject
Global
	GlobalSection(SolutionConfigurationPlatforms) = preSolution
		Debug|Any CPU = Debug|Any CPU
		Release|Any CPU = Release|Any CPU
	EndGlobalSection
	GlobalSection(ProjectConfigurationPlatforms) = postSolution
		{BF0C6055-19CE-4B34-BE9C-E8D75B77493A}.Debug|Any CPU.ActiveCfg = Debug|Any CPU
		{BF0C6055-19CE-4B34-BE9C-E8D75B77493A}.Debug|Any CPU.Build.0 = Debug|Any CPU
		{BF0C6055-19CE-4B34-BE9C-E8D75B77493A}.Release|Any CPU.ActiveCfg = Release|Any CPU
		{BF0C6055-19CE-4B34-BE9C-E8D75B77493A}.Release|Any CPU.Build.0 = Release|Any CPU
		{1F3A352F-947A-41A0-90CA-A819361E377B}.Debug|Any CPU.ActiveCfg = Debug|Any CPU
		{1F3A352F-947A-41A0-90CA-A819361E377B}.Debug|Any CPU.Build.0 = Debug|Any CPU
		{1F3A352F-947A-41A0-90CA-A819361E377B}.Release|Any CPU.ActiveCfg = Release|Any CPU
		{1F3A352F-947A-41A0-90CA-A819361E377B}.Release|Any CPU.Build.0 = Release|Any CPU
		{27590B65-CF86-4FC2-9D84-D93CAC9B09A4}.Debug|Any CPU.ActiveCfg = Debug|Any CPU
		{27590B65-CF86-4FC2-9D84-D93CAC9B09A4}.Debug|Any CPU.Build.0 = Debug|Any CPU
		{27590B65-CF86-4FC2-9D84-D93CAC9B09A4}.Release|Any CPU.ActiveCfg = Release|Any CPU
		{27590B65-CF86-4FC2-9D84-D93CAC9B09A4}.Release|Any CPU.Build.0 = Release|Any CPU
		{46D27094-FBD0-4282-97E3-AA210B994D10}.Debug|Any CPU.ActiveCfg = Debug|Any CPU
		{46D27094-FBD0-4282-97E3-AA210B994D10}.Debug|Any CPU.Build.0 = Debug|Any CPU
		{46D27094-FBD0-4282-97E3-AA210B994D10}.Release|Any CPU.ActiveCfg = Release|Any CPU
		{46D27094-FBD0-4282-97E3-AA210B994D10}.Release|Any CPU.Build.0 = Release|Any CPU
		{DA3CECC5-F01A-45B2-9AC6-98BDB3AA5243}.Debug|Any CPU.ActiveCfg = Debug|Any CPU
		{DA3CECC5-F01A-45B2-9AC6-98BDB3AA5243}.Debug|Any CPU.Build.0 = Debug|Any CPU
		{DA3CECC5-F01A-45B2-9AC6-98BDB3AA5243}.Release|Any CPU.ActiveCfg = Release|Any CPU
		{DA3CECC5-F01A-45B2-9AC6-98BDB3AA5243}.Release|Any CPU.Build.0 = Release|Any CPU
	EndGlobalSection
	GlobalSection(SolutionProperties) = preSolution
		HideSolutionNode = FALSE
	EndGlobalSection
	GlobalSection(NestedProjects) = preSolution
		{BF0C6055-19CE-4B34-BE9C-E8D75B77493A} = {55AD87B9-AB4E-47CC-9A91-264037C3048F}
		{1F3A352F-947A-41A0-90CA-A819361E377B} = {0A1A23A4-D3ED-4BB1-9E0B-CAECCBE65537}
		{27590B65-CF86-4FC2-9D84-D93CAC9B09A4} = {38B750BB-3394-40E1-B10A-AF5508B56597}
		{46D27094-FBD0-4282-97E3-AA210B994D10} = {0A1A23A4-D3ED-4BB1-9E0B-CAECCBE65537}
		{DA3CECC5-F01A-45B2-9AC6-98BDB3AA5243} = {818EC0EF-F738-4ABD-A770-6DEF5400C251}
	EndGlobalSection
EndGlobal
