
Microsoft Visual Studio Solution File, Format Version 12.00
# Visual Studio Version 17
VisualStudioVersion = 17.0.31903.59
MinimumVisualStudioVersion = 10.0.40219.1
Project("{2150E333-8FDC-42A3-9474-1A3956D46DE8}") = "Libs", "Libs", "{55AD87B9-AB4E-47CC-9A91-264037C3048F}"
EndProject
Project("{9A19103F-16F7-4668-BE54-9A1E7A4F7556}") = "Maths", "Libs\Maths\Maths.csproj", "{BF0C6055-19CE-4B34-BE9C-E8D75B77493A}"
EndProject
Project("{2150E333-8FDC-42A3-9474-1A3956D46DE8}") = "Tests", "Tests", "{0A1A23A4-D3ED-4BB1-9E0B-CAECCBE65537}"
EndProject
Project("{9A19103F-16F7-4668-BE54-9A1E7A4F7556}") = "MathsTests", "Tests\MathsTests\MathsTests.csproj", "{1F3A352F-947A-41A0-90CA-A819361E377B}"
EndProject
Project("{2150E333-8FDC-42A3-9474-1A3956D46DE8}") = "DataStructures", "DataStructures", "{38B750BB-3394-40E1-B10A-AF5508B56597}"
EndProject
Project("{9A19103F-16F7-4668-BE54-9A1E7A4F7556}") = "Array", "DataStructures\Array\Array.csproj", "{27590B65-CF86-4FC2-9D84-D93CAC9B09A4}"
EndProject
Project("{9A19103F-16F7-4668-BE54-9A1E7A4F7556}") = "ArrayTest", "Tests\ArrayTest\ArrayTest.csproj", "{46D27094-FBD0-4282-97E3-AA210B994D10}"
EndProject
Project("{2150E333-8FDC-42A3-9474-1A3956D46DE8}") = "Applications", "Applications", "{818EC0EF-F738-4ABD-A770-6DEF5400C251}"
EndProject
Project("{9A19103F-16F7-4668-BE54-9A1E7A4F7556}") = "Entities", "Libs\Entities\Entities.csproj", "{8694D001-F47B-480C-A704-00A79B6C6180}"
EndProject
Project("{FAE04EC0-301F-11D3-BF4B-00C04F79EFBC}") = "Web", "Applications\Web\Web.csproj", "{AC1EC83C-2929-457F-9DD8-B054BD4293A2}"
EndProject
Project("{FAE04EC0-301F-11D3-BF4B-00C04F79EFBC}") = "Console", "Applications\Console\Console.csproj", "{551DA320-6880-4594-9769-B1A92CD54F1E}"
EndProject
Project("{FAE04EC0-301F-11D3-BF4B-00C04F79EFBC}") = "LinkedList", "DataStructures\LinkedList\LinkedList.csproj", "{9D97A198-40DF-42A8-802F-17509FC9C610}"
EndProject
Project("{FAE04EC0-301F-11D3-BF4B-00C04F79EFBC}") = "LinkedListTests", "Tests\LinkedListTests\LinkedListTests.csproj", "{C1EEDCC8-E67A-4329-B7CB-820FC01F9555}"
EndProject
Project("{FAE04EC0-301F-11D3-BF4B-00C04F79EFBC}") = "Stack", "DataStructures\Stack\Stack.csproj", "{05C6FA37-2176-4084-9CE3-9306E2A4EFA7}"
EndProject
Project("{FAE04EC0-301F-11D3-BF4B-00C04F79EFBC}") = "StackTests", "Tests\StackTests\StackTests.csproj", "{8FE78C58-C110-4A24-8DE2-831CD28BA9BB}"
EndProject
Project("{FAE04EC0-301F-11D3-BF4B-00C04F79EFBC}") = "Queue", "DataStructures\Queue\Queue.csproj", "{79317311-9BA3-43BF-B906-E9357506A67F}"
EndProject
Project("{FAE04EC0-301F-11D3-BF4B-00C04F79EFBC}") = "QueueTests", "Tests\QueueTests\QueueTests.csproj", "{9BACA626-9548-4121-A0E5-6D80247CA476}"
EndProject
Project("{FAE04EC0-301F-11D3-BF4B-00C04F79EFBC}") = "Trees", "DataStructures\Trees\Trees.csproj", "{FB5A760D-8781-4928-A011-0DADAA9E5E67}"
EndProject
Project("{FAE04EC0-301F-11D3-BF4B-00C04F79EFBC}") = "TreesTests", "Tests\TreesTests\TreesTests.csproj", "{8B270350-D474-435D-BB50-1F3875A6D0B6}"
EndProject
Global
	GlobalSection(SolutionConfigurationPlatforms) = preSolution
		Debug|Any CPU = Debug|Any CPU
		Release|Any CPU = Release|Any CPU
	EndGlobalSection
	GlobalSection(ProjectConfigurationPlatforms) = postSolution
		{BF0C6055-19CE-4B34-BE9C-E8D75B77493A}.Debug|Any CPU.ActiveCfg = Debug|Any CPU
		{BF0C6055-19CE-4B34-BE9C-E8D75B77493A}.Debug|Any CPU.Build.0 = Debug|Any CPU
		{BF0C6055-19CE-4B34-BE9C-E8D75B77493A}.Release|Any CPU.ActiveCfg = Release|Any CPU
		{BF0C6055-19CE-4B34-BE9C-E8D75B77493A}.Release|Any CPU.Build.0 = Release|Any CPU
		{1F3A352F-947A-41A0-90CA-A819361E377B}.Debug|Any CPU.ActiveCfg = Debug|Any CPU
		{1F3A352F-947A-41A0-90CA-A819361E377B}.Debug|Any CPU.Build.0 = Debug|Any CPU
		{1F3A352F-947A-41A0-90CA-A819361E377B}.Release|Any CPU.ActiveCfg = Release|Any CPU
		{1F3A352F-947A-41A0-90CA-A819361E377B}.Release|Any CPU.Build.0 = Release|Any CPU
		{27590B65-CF86-4FC2-9D84-D93CAC9B09A4}.Debug|Any CPU.ActiveCfg = Debug|Any CPU
		{27590B65-CF86-4FC2-9D84-D93CAC9B09A4}.Debug|Any CPU.Build.0 = Debug|Any CPU
		{27590B65-CF86-4FC2-9D84-D93CAC9B09A4}.Release|Any CPU.ActiveCfg = Release|Any CPU
		{27590B65-CF86-4FC2-9D84-D93CAC9B09A4}.Release|Any CPU.Build.0 = Release|Any CPU
		{46D27094-FBD0-4282-97E3-AA210B994D10}.Debug|Any CPU.ActiveCfg = Debug|Any CPU
		{46D27094-FBD0-4282-97E3-AA210B994D10}.Debug|Any CPU.Build.0 = Debug|Any CPU
		{46D27094-FBD0-4282-97E3-AA210B994D10}.Release|Any CPU.ActiveCfg = Release|Any CPU
		{46D27094-FBD0-4282-97E3-AA210B994D10}.Release|Any CPU.Build.0 = Release|Any CPU
		{8694D001-F47B-480C-A704-00A79B6C6180}.Debug|Any CPU.ActiveCfg = Debug|Any CPU
		{8694D001-F47B-480C-A704-00A79B6C6180}.Debug|Any CPU.Build.0 = Debug|Any CPU
		{8694D001-F47B-480C-A704-00A79B6C6180}.Release|Any CPU.ActiveCfg = Release|Any CPU
		{8694D001-F47B-480C-A704-00A79B6C6180}.Release|Any CPU.Build.0 = Release|Any CPU
		{AC1EC83C-2929-457F-9DD8-B054BD4293A2}.Debug|Any CPU.ActiveCfg = Debug|Any CPU
		{AC1EC83C-2929-457F-9DD8-B054BD4293A2}.Debug|Any CPU.Build.0 = Debug|Any CPU
		{AC1EC83C-2929-457F-9DD8-B054BD4293A2}.Release|Any CPU.ActiveCfg = Release|Any CPU
		{AC1EC83C-2929-457F-9DD8-B054BD4293A2}.Release|Any CPU.Build.0 = Release|Any CPU
		{551DA320-6880-4594-9769-B1A92CD54F1E}.Debug|Any CPU.ActiveCfg = Debug|Any CPU
		{551DA320-6880-4594-9769-B1A92CD54F1E}.Debug|Any CPU.Build.0 = Debug|Any CPU
		{551DA320-6880-4594-9769-B1A92CD54F1E}.Release|Any CPU.ActiveCfg = Release|Any CPU
		{551DA320-6880-4594-9769-B1A92CD54F1E}.Release|Any CPU.Build.0 = Release|Any CPU
		{9D97A198-40DF-42A8-802F-17509FC9C610}.Debug|Any CPU.ActiveCfg = Debug|Any CPU
		{9D97A198-40DF-42A8-802F-17509FC9C610}.Debug|Any CPU.Build.0 = Debug|Any CPU
		{9D97A198-40DF-42A8-802F-17509FC9C610}.Release|Any CPU.ActiveCfg = Release|Any CPU
		{9D97A198-40DF-42A8-802F-17509FC9C610}.Release|Any CPU.Build.0 = Release|Any CPU
		{C1EEDCC8-E67A-4329-B7CB-820FC01F9555}.Debug|Any CPU.ActiveCfg = Debug|Any CPU
		{C1EEDCC8-E67A-4329-B7CB-820FC01F9555}.Debug|Any CPU.Build.0 = Debug|Any CPU
		{C1EEDCC8-E67A-4329-B7CB-820FC01F9555}.Release|Any CPU.ActiveCfg = Release|Any CPU
		{C1EEDCC8-E67A-4329-B7CB-820FC01F9555}.Release|Any CPU.Build.0 = Release|Any CPU
		{05C6FA37-2176-4084-9CE3-9306E2A4EFA7}.Debug|Any CPU.ActiveCfg = Debug|Any CPU
		{05C6FA37-2176-4084-9CE3-9306E2A4EFA7}.Debug|Any CPU.Build.0 = Debug|Any CPU
		{05C6FA37-2176-4084-9CE3-9306E2A4EFA7}.Release|Any CPU.ActiveCfg = Release|Any CPU
		{05C6FA37-2176-4084-9CE3-9306E2A4EFA7}.Release|Any CPU.Build.0 = Release|Any CPU
		{8FE78C58-C110-4A24-8DE2-831CD28BA9BB}.Debug|Any CPU.ActiveCfg = Debug|Any CPU
		{8FE78C58-C110-4A24-8DE2-831CD28BA9BB}.Debug|Any CPU.Build.0 = Debug|Any CPU
		{8FE78C58-C110-4A24-8DE2-831CD28BA9BB}.Release|Any CPU.ActiveCfg = Release|Any CPU
		{8FE78C58-C110-4A24-8DE2-831CD28BA9BB}.Release|Any CPU.Build.0 = Release|Any CPU
		{79317311-9BA3-43BF-B906-E9357506A67F}.Debug|Any CPU.ActiveCfg = Debug|Any CPU
		{79317311-9BA3-43BF-B906-E9357506A67F}.Debug|Any CPU.Build.0 = Debug|Any CPU
		{79317311-9BA3-43BF-B906-E9357506A67F}.Release|Any CPU.ActiveCfg = Release|Any CPU
		{79317311-9BA3-43BF-B906-E9357506A67F}.Release|Any CPU.Build.0 = Release|Any CPU
		{9BACA626-9548-4121-A0E5-6D80247CA476}.Debug|Any CPU.ActiveCfg = Debug|Any CPU
		{9BACA626-9548-4121-A0E5-6D80247CA476}.Debug|Any CPU.Build.0 = Debug|Any CPU
		{9BACA626-9548-4121-A0E5-6D80247CA476}.Release|Any CPU.ActiveCfg = Release|Any CPU
		{9BACA626-9548-4121-A0E5-6D80247CA476}.Release|Any CPU.Build.0 = Release|Any CPU
		{FB5A760D-8781-4928-A011-0DADAA9E5E67}.Debug|Any CPU.ActiveCfg = Debug|Any CPU
		{FB5A760D-8781-4928-A011-0DADAA9E5E67}.Debug|Any CPU.Build.0 = Debug|Any CPU
		{FB5A760D-8781-4928-A011-0DADAA9E5E67}.Release|Any CPU.ActiveCfg = Release|Any CPU
		{FB5A760D-8781-4928-A011-0DADAA9E5E67}.Release|Any CPU.Build.0 = Release|Any CPU
		{8B270350-D474-435D-BB50-1F3875A6D0B6}.Debug|Any CPU.ActiveCfg = Debug|Any CPU
		{8B270350-D474-435D-BB50-1F3875A6D0B6}.Debug|Any CPU.Build.0 = Debug|Any CPU
		{8B270350-D474-435D-BB50-1F3875A6D0B6}.Release|Any CPU.ActiveCfg = Release|Any CPU
		{8B270350-D474-435D-BB50-1F3875A6D0B6}.Release|Any CPU.Build.0 = Release|Any CPU
	EndGlobalSection
	GlobalSection(SolutionProperties) = preSolution
		HideSolutionNode = FALSE
	EndGlobalSection
	GlobalSection(NestedProjects) = preSolution
		{BF0C6055-19CE-4B34-BE9C-E8D75B77493A} = {55AD87B9-AB4E-47CC-9A91-264037C3048F}
		{1F3A352F-947A-41A0-90CA-A819361E377B} = {0A1A23A4-D3ED-4BB1-9E0B-CAECCBE65537}
		{27590B65-CF86-4FC2-9D84-D93CAC9B09A4} = {38B750BB-3394-40E1-B10A-AF5508B56597}
		{46D27094-FBD0-4282-97E3-AA210B994D10} = {0A1A23A4-D3ED-4BB1-9E0B-CAECCBE65537}
		{8694D001-F47B-480C-A704-00A79B6C6180} = {55AD87B9-AB4E-47CC-9A91-264037C3048F}
		{AC1EC83C-2929-457F-9DD8-B054BD4293A2} = {818EC0EF-F738-4ABD-A770-6DEF5400C251}
		{551DA320-6880-4594-9769-B1A92CD54F1E} = {818EC0EF-F738-4ABD-A770-6DEF5400C251}
		{9D97A198-40DF-42A8-802F-17509FC9C610} = {38B750BB-3394-40E1-B10A-AF5508B56597}
		{C1EEDCC8-E67A-4329-B7CB-820FC01F9555} = {0A1A23A4-D3ED-4BB1-9E0B-CAECCBE65537}
		{05C6FA37-2176-4084-9CE3-9306E2A4EFA7} = {38B750BB-3394-40E1-B10A-AF5508B56597}
		{8FE78C58-C110-4A24-8DE2-831CD28BA9BB} = {0A1A23A4-D3ED-4BB1-9E0B-CAECCBE65537}
		{79317311-9BA3-43BF-B906-E9357506A67F} = {38B750BB-3394-40E1-B10A-AF5508B56597}
		{9BACA626-9548-4121-A0E5-6D80247CA476} = {0A1A23A4-D3ED-4BB1-9E0B-CAECCBE65537}
		{FB5A760D-8781-4928-A011-0DADAA9E5E67} = {38B750BB-3394-40E1-B10A-AF5508B56597}
		{8B270350-D474-435D-BB50-1F3875A6D0B6} = {0A1A23A4-D3ED-4BB1-9E0B-CAECCBE65537}
	EndGlobalSection
EndGlobal
