
Microsoft Visual Studio Solution File, Format Version 12.00
# Visual Studio Version 17
VisualStudioVersion = 17.0.31903.59
MinimumVisualStudioVersion = 10.0.40219.1
Project("{2150E333-8FDC-42A3-9474-1A3956D46DE8}") = "Applications", "Applications", "{133885A6-60C6-4718-B07B-07A36633E271}"
EndProject
Project("{9A19103F-16F7-4668-BE54-9A1E7A4F7556}") = "DataTypeConsoleApp", "Applications\DataType\DataType\DataTypeConsoleApp\DataTypeConsoleApp.csproj", "{2F733A15-4D38-4860-A7F5-0F86FB19BE0E}"
EndProject
Project("{2150E333-8FDC-42A3-9474-1A3956D46DE8}") = "Tests", "Tests", "{3E7E80AC-A9DC-4A1C-93B3-2E19D31CC532}"
EndProject
Project("{9A19103F-16F7-4668-BE54-9A1E7A4F7556}") = "DataTypeConsoleAppTests", "Tests\DataTypeConsoleAppTests\DataTypeConsoleAppTests.csproj", "{A55B8786-52E0-4A75-88D6-6176F6688C6D}"
EndProject
Project("{9A19103F-16F7-4668-BE54-9A1E7A4F7556}") = "DataMinMax", "Applications\DataMinMax\DataMinMax.csproj", "{B614199B-2DEC-4007-A600-E00F95D625CB}"
EndProject
Project("{9A19103F-16F7-4668-BE54-9A1E7A4F7556}") = "DataMinMaxTests", "Tests\DataMinMaxTests\DataMinMaxTests.csproj", "{6BB93E92-D764-4B8E-ABC8-8F3046C418FA}"
EndProject
Project("{2150E333-8FDC-42A3-9474-1A3956D46DE8}") = "DataStructures", "DataStructures", "{19375B05-2227-437A-8E08-60292000D0C0}"
EndProject
Project("{9A19103F-16F7-4668-BE54-9A1E7A4F7556}") = "Array", "DataStructures\Array\Array.csproj", "{38FD370D-CB26-4E86-82F4-BB39AD89000E}"
EndProject
Project("{9A19103F-16F7-4668-BE54-9A1E7A4F7556}") = "ArrayTests", "Tests\ArrayTests\ArrayTests.csproj", "{CCA06362-A495-49C6-A75C-809B1B5AA2BA}"
EndProject
Global
	GlobalSection(SolutionConfigurationPlatforms) = preSolution
		Debug|Any CPU = Debug|Any CPU
		Release|Any CPU = Release|Any CPU
	EndGlobalSection
	GlobalSection(ProjectConfigurationPlatforms) = postSolution
		{2F733A15-4D38-4860-A7F5-0F86FB19BE0E}.Debug|Any CPU.ActiveCfg = Debug|Any CPU
		{2F733A15-4D38-4860-A7F5-0F86FB19BE0E}.Debug|Any CPU.Build.0 = Debug|Any CPU
		{2F733A15-4D38-4860-A7F5-0F86FB19BE0E}.Release|Any CPU.ActiveCfg = Release|Any CPU
		{2F733A15-4D38-4860-A7F5-0F86FB19BE0E}.Release|Any CPU.Build.0 = Release|Any CPU
		{A55B8786-52E0-4A75-88D6-6176F6688C6D}.Debug|Any CPU.ActiveCfg = Debug|Any CPU
		{A55B8786-52E0-4A75-88D6-6176F6688C6D}.Debug|Any CPU.Build.0 = Debug|Any CPU
		{A55B8786-52E0-4A75-88D6-6176F6688C6D}.Release|Any CPU.ActiveCfg = Release|Any CPU
		{A55B8786-52E0-4A75-88D6-6176F6688C6D}.Release|Any CPU.Build.0 = Release|Any CPU
		{B614199B-2DEC-4007-A600-E00F95D625CB}.Debug|Any CPU.ActiveCfg = Debug|Any CPU
		{B614199B-2DEC-4007-A600-E00F95D625CB}.Debug|Any CPU.Build.0 = Debug|Any CPU
		{B614199B-2DEC-4007-A600-E00F95D625CB}.Release|Any CPU.ActiveCfg = Release|Any CPU
		{B614199B-2DEC-4007-A600-E00F95D625CB}.Release|Any CPU.Build.0 = Release|Any CPU
		{6BB93E92-D764-4B8E-ABC8-8F3046C418FA}.Debug|Any CPU.ActiveCfg = Debug|Any CPU
		{6BB93E92-D764-4B8E-ABC8-8F3046C418FA}.Debug|Any CPU.Build.0 = Debug|Any CPU
		{6BB93E92-D764-4B8E-ABC8-8F3046C418FA}.Release|Any CPU.ActiveCfg = Release|Any CPU
		{6BB93E92-D764-4B8E-ABC8-8F3046C418FA}.Release|Any CPU.Build.0 = Release|Any CPU
		{38FD370D-CB26-4E86-82F4-BB39AD89000E}.Debug|Any CPU.ActiveCfg = Debug|Any CPU
		{38FD370D-CB26-4E86-82F4-BB39AD89000E}.Debug|Any CPU.Build.0 = Debug|Any CPU
		{38FD370D-CB26-4E86-82F4-BB39AD89000E}.Release|Any CPU.ActiveCfg = Release|Any CPU
		{38FD370D-CB26-4E86-82F4-BB39AD89000E}.Release|Any CPU.Build.0 = Release|Any CPU
		{CCA06362-A495-49C6-A75C-809B1B5AA2BA}.Debug|Any CPU.ActiveCfg = Debug|Any CPU
		{CCA06362-A495-49C6-A75C-809B1B5AA2BA}.Debug|Any CPU.Build.0 = Debug|Any CPU
		{CCA06362-A495-49C6-A75C-809B1B5AA2BA}.Release|Any CPU.ActiveCfg = Release|Any CPU
		{CCA06362-A495-49C6-A75C-809B1B5AA2BA}.Release|Any CPU.Build.0 = Release|Any CPU
	EndGlobalSection
	GlobalSection(SolutionProperties) = preSolution
		HideSolutionNode = FALSE
	EndGlobalSection
	GlobalSection(NestedProjects) = preSolution
		{2F733A15-4D38-4860-A7F5-0F86FB19BE0E} = {133885A6-60C6-4718-B07B-07A36633E271}
		{A55B8786-52E0-4A75-88D6-6176F6688C6D} = {3E7E80AC-A9DC-4A1C-93B3-2E19D31CC532}
		{B614199B-2DEC-4007-A600-E00F95D625CB} = {133885A6-60C6-4718-B07B-07A36633E271}
		{6BB93E92-D764-4B8E-ABC8-8F3046C418FA} = {3E7E80AC-A9DC-4A1C-93B3-2E19D31CC532}
		{38FD370D-CB26-4E86-82F4-BB39AD89000E} = {19375B05-2227-437A-8E08-60292000D0C0}
		{CCA06362-A495-49C6-A75C-809B1B5AA2BA} = {3E7E80AC-A9DC-4A1C-93B3-2E19D31CC532}
	EndGlobalSection
	GlobalSection(ExtensibilityGlobals) = postSolution
		SolutionGuid = {2D5C68D7-43D2-4450-A014-BE42D74B664F}
	EndGlobalSection
EndGlobal
